
Microsoft Visual Studio Solution File, Format Version 12.00
# Visual Studio Version 16
VisualStudioVersion = 16.0.30128.74
MinimumVisualStudioVersion = 10.0.40219.1
Project("{FAE04EC0-301F-11D3-BF4B-00C04F79EFBC}") = "OnWindowCreated", "OnWindowCreated\OnWindowCreated.csproj", "{38851093-8F1B-426C-A4A2-177137F51257}"
EndProject
Global
	GlobalSection(SolutionConfigurationPlatforms) = preSolution
		Debug|Any CPU = Debug|Any CPU
		Release|Any CPU = Release|Any CPU
	EndGlobalSection
	GlobalSection(ProjectConfigurationPlatforms) = postSolution
		{38851093-8F1B-426C-A4A2-177137F51257}.Debug|Any CPU.ActiveCfg = Debug|Any CPU
		{38851093-8F1B-426C-A4A2-177137F51257}.Debug|Any CPU.Build.0 = Debug|Any CPU
		{38851093-8F1B-426C-A4A2-177137F51257}.Release|Any CPU.ActiveCfg = Release|Any CPU
		{38851093-8F1B-426C-A4A2-177137F51257}.Release|Any CPU.Build.0 = Release|Any CPU
	EndGlobalSection
	GlobalSection(SolutionProperties) = preSolution
		HideSolutionNode = FALSE
	EndGlobalSection
	GlobalSection(ExtensibilityGlobals) = postSolution
		SolutionGuid = {B3548105-360C-4EFC-9831-F2D9B844DB67}
	EndGlobalSection
EndGlobal
